
Microsoft Visual Studio Solution File, Format Version 12.00
# Visual Studio Version 17
VisualStudioVersion = 17.14.36414.22
MinimumVisualStudioVersion = 10.0.40219.1
Project("{FAE04EC0-301F-11D3-BF4B-00C04F79EFBC}") = "smart_inventory", "smart_inventory\smart_inventory.csproj", "{6491DB1D-03A8-4971-A2F9-D74B4F3946BB}"
EndProject
Project("{FAE04EC0-301F-11D3-BF4B-00C04F79EFBC}") = "CapaEntidad", "CapaEntidad\CapaEntidad.csproj", "{AF4B06D3-F191-4FE7-A693-8953AD93EB98}"
EndProject
Project("{FAE04EC0-301F-11D3-BF4B-00C04F79EFBC}") = "CapaDatos", "CapaDatos\CapaDatos.csproj", "{CF67110F-C268-45DF-A08C-AB85D9A274D7}"
EndProject
Project("{FAE04EC0-301F-11D3-BF4B-00C04F79EFBC}") = "CapaNegocio", "CapaNegocio\CapaNegocio.csproj", "{E1C4057A-4C1F-401E-911E-99CD06D12CCB}"
EndProject
Global
	GlobalSection(SolutionConfigurationPlatforms) = preSolution
		Debug|Any CPU = Debug|Any CPU
		Release|Any CPU = Release|Any CPU
	EndGlobalSection
	GlobalSection(ProjectConfigurationPlatforms) = postSolution
		{6491DB1D-03A8-4971-A2F9-D74B4F3946BB}.Debug|Any CPU.ActiveCfg = Debug|Any CPU
		{6491DB1D-03A8-4971-A2F9-D74B4F3946BB}.Debug|Any CPU.Build.0 = Debug|Any CPU
		{6491DB1D-03A8-4971-A2F9-D74B4F3946BB}.Release|Any CPU.ActiveCfg = Release|Any CPU
		{6491DB1D-03A8-4971-A2F9-D74B4F3946BB}.Release|Any CPU.Build.0 = Release|Any CPU
		{AF4B06D3-F191-4FE7-A693-8953AD93EB98}.Debug|Any CPU.ActiveCfg = Debug|Any CPU
		{AF4B06D3-F191-4FE7-A693-8953AD93EB98}.Debug|Any CPU.Build.0 = Debug|Any CPU
		{AF4B06D3-F191-4FE7-A693-8953AD93EB98}.Release|Any CPU.ActiveCfg = Release|Any CPU
		{AF4B06D3-F191-4FE7-A693-8953AD93EB98}.Release|Any CPU.Build.0 = Release|Any CPU
		{CF67110F-C268-45DF-A08C-AB85D9A274D7}.Debug|Any CPU.ActiveCfg = Debug|Any CPU
		{CF67110F-C268-45DF-A08C-AB85D9A274D7}.Debug|Any CPU.Build.0 = Debug|Any CPU
		{CF67110F-C268-45DF-A08C-AB85D9A274D7}.Release|Any CPU.ActiveCfg = Release|Any CPU
		{CF67110F-C268-45DF-A08C-AB85D9A274D7}.Release|Any CPU.Build.0 = Release|Any CPU
		{E1C4057A-4C1F-401E-911E-99CD06D12CCB}.Debug|Any CPU.ActiveCfg = Debug|Any CPU
		{E1C4057A-4C1F-401E-911E-99CD06D12CCB}.Debug|Any CPU.Build.0 = Debug|Any CPU
		{E1C4057A-4C1F-401E-911E-99CD06D12CCB}.Release|Any CPU.ActiveCfg = Release|Any CPU
		{E1C4057A-4C1F-401E-911E-99CD06D12CCB}.Release|Any CPU.Build.0 = Release|Any CPU
	EndGlobalSection
	GlobalSection(SolutionProperties) = preSolution
		HideSolutionNode = FALSE
	EndGlobalSection
	GlobalSection(ExtensibilityGlobals) = postSolution
		SolutionGuid = {4DA263AC-57CC-4F94-BEC9-DB7886368F75}
	EndGlobalSection
EndGlobal
